// !$*UTF8*$!
{
	archiveVersion = 1;
	classes = {
	};
	objectVersion = 46;
	objects = {

/* Begin PBXBuildFile section */
		E577F7851B559F99006A8FC0 /* TabBar.swift in Sources */ = {isa = PBXBuildFile; fileRef = E577F7841B559F99006A8FC0 /* TabBar.swift */; };
		E59CA4931B5453B2002DF6BD /* AppDelegate.swift in Sources */ = {isa = PBXBuildFile; fileRef = E59CA4921B5453B2002DF6BD /* AppDelegate.swift */; };
		E59CA4951B5453B2002DF6BD /* ViewController.swift in Sources */ = {isa = PBXBuildFile; fileRef = E59CA4941B5453B2002DF6BD /* ViewController.swift */; };
		E59CA4981B5453B2002DF6BD /* Main.storyboard in Resources */ = {isa = PBXBuildFile; fileRef = E59CA4961B5453B2002DF6BD /* Main.storyboard */; };
		E59CA49A1B5453B2002DF6BD /* Images.xcassets in Resources */ = {isa = PBXBuildFile; fileRef = E59CA4991B5453B2002DF6BD /* Images.xcassets */; };
		E59CA49D1B5453B2002DF6BD /* LaunchScreen.xib in Resources */ = {isa = PBXBuildFile; fileRef = E59CA49B1B5453B2002DF6BD /* LaunchScreen.xib */; };
		E59CA4A91B5453B2002DF6BD /* Private_ConcertTests.swift in Sources */ = {isa = PBXBuildFile; fileRef = E59CA4A81B5453B2002DF6BD /* Private_ConcertTests.swift */; };
/* End PBXBuildFile section */

/* Begin PBXContainerItemProxy section */
		E59CA4A31B5453B2002DF6BD /* PBXContainerItemProxy */ = {
			isa = PBXContainerItemProxy;
			containerPortal = E59CA4851B5453B2002DF6BD /* Project object */;
			proxyType = 1;
			remoteGlobalIDString = E59CA48C1B5453B2002DF6BD;
			remoteInfo = "Private Concert";
		};
/* End PBXContainerItemProxy section */

/* Begin PBXFileReference section */
		E577F7841B559F99006A8FC0 /* TabBar.swift */ = {isa = PBXFileReference; fileEncoding = 4; lastKnownFileType = sourcecode.swift; path = TabBar.swift; sourceTree = "<group>"; };
		E59CA48D1B5453B2002DF6BD /* Private Concert.app */ = {isa = PBXFileReference; explicitFileType = wrapper.application; includeInIndex = 0; path = "Private Concert.app"; sourceTree = BUILT_PRODUCTS_DIR; };
		E59CA4911B5453B2002DF6BD /* Info.plist */ = {isa = PBXFileReference; lastKnownFileType = text.plist.xml; path = Info.plist; sourceTree = "<group>"; };
		E59CA4921B5453B2002DF6BD /* AppDelegate.swift */ = {isa = PBXFileReference; lastKnownFileType = sourcecode.swift; path = AppDelegate.swift; sourceTree = "<group>"; };
		E59CA4941B5453B2002DF6BD /* ViewController.swift */ = {isa = PBXFileReference; lastKnownFileType = sourcecode.swift; path = ViewController.swift; sourceTree = "<group>"; };
		E59CA4971B5453B2002DF6BD /* Base */ = {isa = PBXFileReference; lastKnownFileType = file.storyboard; name = Base; path = Base.lproj/Main.storyboard; sourceTree = "<group>"; };
		E59CA4991B5453B2002DF6BD /* Images.xcassets */ = {isa = PBXFileReference; lastKnownFileType = folder.assetcatalog; path = Images.xcassets; sourceTree = "<group>"; };
		E59CA49C1B5453B2002DF6BD /* Base */ = {isa = PBXFileReference; lastKnownFileType = file.xib; name = Base; path = Base.lproj/LaunchScreen.xib; sourceTree = "<group>"; };
		E59CA4A21B5453B2002DF6BD /* Private ConcertTests.xctest */ = {isa = PBXFileReference; explicitFileType = wrapper.cfbundle; includeInIndex = 0; path = "Private ConcertTests.xctest"; sourceTree = BUILT_PRODUCTS_DIR; };
		E59CA4A71B5453B2002DF6BD /* Info.plist */ = {isa = PBXFileReference; lastKnownFileType = text.plist.xml; path = Info.plist; sourceTree = "<group>"; };
		E59CA4A81B5453B2002DF6BD /* Private_ConcertTests.swift */ = {isa = PBXFileReference; lastKnownFileType = sourcecode.swift; path = Private_ConcertTests.swift; sourceTree = "<group>"; };
/* End PBXFileReference section */

/* Begin PBXFrameworksBuildPhase section */
		E59CA48A1B5453B2002DF6BD /* Frameworks */ = {
			isa = PBXFrameworksBuildPhase;
			buildActionMask = 2147483647;
			files = (
			);
			runOnlyForDeploymentPostprocessing = 0;
		};
		E59CA49F1B5453B2002DF6BD /* Frameworks */ = {
			isa = PBXFrameworksBuildPhase;
			buildActionMask = 2147483647;
			files = (
			);
			runOnlyForDeploymentPostprocessing = 0;
		};
/* End PBXFrameworksBuildPhase section */

/* Begin PBXGroup section */
		E59CA4841B5453B2002DF6BD = {
			isa = PBXGroup;
			children = (
				E59CA48F1B5453B2002DF6BD /* Private Concert */,
				E59CA4A51B5453B2002DF6BD /* Private ConcertTests */,
				E59CA48E1B5453B2002DF6BD /* Products */,
			);
			sourceTree = "<group>";
		};
		E59CA48E1B5453B2002DF6BD /* Products */ = {
			isa = PBXGroup;
			children = (
				E59CA48D1B5453B2002DF6BD /* Private Concert.app */,
				E59CA4A21B5453B2002DF6BD /* Private ConcertTests.xctest */,
			);
			name = Products;
			sourceTree = "<group>";
		};
		E59CA48F1B5453B2002DF6BD /* Private Concert */ = {
			isa = PBXGroup;
			children = (
				E59CA4921B5453B2002DF6BD /* AppDelegate.swift */,
				E577F7841B559F99006A8FC0 /* TabBar.swift */,
				E59CA4941B5453B2002DF6BD /* ViewController.swift */,
				E59CA4961B5453B2002DF6BD /* Main.storyboard */,
				E59CA4991B5453B2002DF6BD /* Images.xcassets */,
				E59CA49B1B5453B2002DF6BD /* LaunchScreen.xib */,
				E59CA4901B5453B2002DF6BD /* Supporting Files */,
			);
			path = "Private Concert";
			sourceTree = "<group>";
		};
		E59CA4901B5453B2002DF6BD /* Supporting Files */ = {
			isa = PBXGroup;
			children = (
				E59CA4911B5453B2002DF6BD /* Info.plist */,
			);
			name = "Supporting Files";
			sourceTree = "<group>";
		};
		E59CA4A51B5453B2002DF6BD /* Private ConcertTests */ = {
			isa = PBXGroup;
			children = (
				E59CA4A81B5453B2002DF6BD /* Private_ConcertTests.swift */,
				E59CA4A61B5453B2002DF6BD /* Supporting Files */,
			);
			path = "Private ConcertTests";
			sourceTree = "<group>";
		};
		E59CA4A61B5453B2002DF6BD /* Supporting Files */ = {
			isa = PBXGroup;
			children = (
				E59CA4A71B5453B2002DF6BD /* Info.plist */,
			);
			name = "Supporting Files";
			sourceTree = "<group>";
		};
/* End PBXGroup section */

/* Begin PBXNativeTarget section */
		E59CA48C1B5453B2002DF6BD /* Private Concert */ = {
			isa = PBXNativeTarget;
			buildConfigurationList = E59CA4AC1B5453B2002DF6BD /* Build configuration list for PBXNativeTarget "Private Concert" */;
			buildPhases = (
				E59CA4891B5453B2002DF6BD /* Sources */,
				E59CA48A1B5453B2002DF6BD /* Frameworks */,
				E59CA48B1B5453B2002DF6BD /* Resources */,
			);
			buildRules = (
			);
			dependencies = (
			);
			name = "Private Concert";
			productName = "Private Concert";
			productReference = E59CA48D1B5453B2002DF6BD /* Private Concert.app */;
			productType = "com.apple.product-type.application";
		};
		E59CA4A11B5453B2002DF6BD /* Private ConcertTests */ = {
			isa = PBXNativeTarget;
			buildConfigurationList = E59CA4AF1B5453B2002DF6BD /* Build configuration list for PBXNativeTarget "Private ConcertTests" */;
			buildPhases = (
				E59CA49E1B5453B2002DF6BD /* Sources */,
				E59CA49F1B5453B2002DF6BD /* Frameworks */,
				E59CA4A01B5453B2002DF6BD /* Resources */,
			);
			buildRules = (
			);
			dependencies = (
				E59CA4A41B5453B2002DF6BD /* PBXTargetDependency */,
			);
			name = "Private ConcertTests";
			productName = "Private ConcertTests";
			productReference = E59CA4A21B5453B2002DF6BD /* Private ConcertTests.xctest */;
			productType = "com.apple.product-type.bundle.unit-test";
		};
/* End PBXNativeTarget section */

/* Begin PBXProject section */
		E59CA4851B5453B2002DF6BD /* Project object */ = {
			isa = PBXProject;
			attributes = {
				LastUpgradeCheck = 0640;
				ORGANIZATIONNAME = "Spoorthy Vemula";
				TargetAttributes = {
					E59CA48C1B5453B2002DF6BD = {
						CreatedOnToolsVersion = 6.4;
					};
					E59CA4A11B5453B2002DF6BD = {
						CreatedOnToolsVersion = 6.4;
						TestTargetID = E59CA48C1B5453B2002DF6BD;
					};
				};
			};
			buildConfigurationList = E59CA4881B5453B2002DF6BD /* Build configuration list for PBXProject "Private Concert" */;
			compatibilityVersion = "Xcode 3.2";
			developmentRegion = English;
			hasScannedForEncodings = 0;
			knownRegions = (
				en,
				Base,
			);
			mainGroup = E59CA4841B5453B2002DF6BD;
			productRefGroup = E59CA48E1B5453B2002DF6BD /* Products */;
			projectDirPath = "";
			projectRoot = "";
			targets = (
				E59CA48C1B5453B2002DF6BD /* Private Concert */,
				E59CA4A11B5453B2002DF6BD /* Private ConcertTests */,
			);
		};
/* End PBXProject section */

/* Begin PBXResourcesBuildPhase section */
		E59CA48B1B5453B2002DF6BD /* Resources */ = {
			isa = PBXResourcesBuildPhase;
			buildActionMask = 2147483647;
			files = (
				E59CA4981B5453B2002DF6BD /* Main.storyboard in Resources */,
				E59CA49D1B5453B2002DF6BD /* LaunchScreen.xib in Resources */,
				E59CA49A1B5453B2002DF6BD /* Images.xcassets in Resources */,
			);
			runOnlyForDeploymentPostprocessing = 0;
		};
		E59CA4A01B5453B2002DF6BD /* Resources */ = {
			isa = PBXResourcesBuildPhase;
			buildActionMask = 2147483647;
			files = (
			);
			runOnlyForDeploymentPostprocessing = 0;
		};
/* End PBXResourcesBuildPhase section */

/* Begin PBXSourcesBuildPhase section */
		E59CA4891B5453B2002DF6BD /* Sources */ = {
			isa = PBXSourcesBuildPhase;
			buildActionMask = 2147483647;
			files = (
				E577F7851B559F99006A8FC0 /* TabBar.swift in Sources */,
				E59CA4951B5453B2002DF6BD /* ViewController.swift in Sources */,
				E59CA4931B5453B2002DF6BD /* AppDelegate.swift in Sources */,
			);
			runOnlyForDeploymentPostprocessing = 0;
		};
		E59CA49E1B5453B2002DF6BD /* Sources */ = {
			isa = PBXSourcesBuildPhase;
			buildActionMask = 2147483647;
			files = (
				E59CA4A91B5453B2002DF6BD /* Private_ConcertTests.swift in Sources */,
			);
			runOnlyForDeploymentPostprocessing = 0;
		};
/* End PBXSourcesBuildPhase section */

/* Begin PBXTargetDependency section */
		E59CA4A41B5453B2002DF6BD /* PBXTargetDependency */ = {
			isa = PBXTargetDependency;
			target = E59CA48C1B5453B2002DF6BD /* Private Concert */;
			targetProxy = E59CA4A31B5453B2002DF6BD /* PBXContainerItemProxy */;
		};
/* End PBXTargetDependency section */

/* Begin PBXVariantGroup section */
		E59CA4961B5453B2002DF6BD /* Main.storyboard */ = {
			isa = PBXVariantGroup;
			children = (
				E59CA4971B5453B2002DF6BD /* Base */,
			);
			name = Main.storyboard;
			sourceTree = "<group>";
		};
		E59CA49B1B5453B2002DF6BD /* LaunchScreen.xib */ = {
			isa = PBXVariantGroup;
			children = (
				E59CA49C1B5453B2002DF6BD /* Base */,
			);
			name = LaunchScreen.xib;
			sourceTree = "<group>";
		};
/* End PBXVariantGroup section */

/* Begin XCBuildConfiguration section */
		E59CA4AA1B5453B2002DF6BD /* Debug */ = {
			isa = XCBuildConfiguration;
			buildSettings = {
				ALWAYS_SEARCH_USER_PATHS = NO;
				CLANG_CXX_LANGUAGE_STANDARD = "gnu++0x";
				CLANG_CXX_LIBRARY = "libc++";
				CLANG_ENABLE_MODULES = YES;
				CLANG_ENABLE_OBJC_ARC = YES;
				CLANG_WARN_BOOL_CONVERSION = YES;
				CLANG_WARN_CONSTANT_CONVERSION = YES;
				CLANG_WARN_DIRECT_OBJC_ISA_USAGE = YES_ERROR;
				CLANG_WARN_EMPTY_BODY = YES;
				CLANG_WARN_ENUM_CONVERSION = YES;
				CLANG_WARN_INT_CONVERSION = YES;
				CLANG_WARN_OBJC_ROOT_CLASS = YES_ERROR;
				CLANG_WARN_UNREACHABLE_CODE = YES;
				CLANG_WARN__DUPLICATE_METHOD_MATCH = YES;
				"CODE_SIGN_IDENTITY[sdk=iphoneos*]" = "iPhone Developer";
				COPY_PHASE_STRIP = NO;
				DEBUG_INFORMATION_FORMAT = "dwarf-with-dsym";
				ENABLE_STRICT_OBJC_MSGSEND = YES;
				GCC_C_LANGUAGE_STANDARD = gnu99;
				GCC_DYNAMIC_NO_PIC = NO;
				GCC_NO_COMMON_BLOCKS = YES;
				GCC_OPTIMIZATION_LEVEL = 0;
				GCC_PREPROCESSOR_DEFINITIONS = (
					"DEBUG=1",
					"$(inherited)",
				);
				GCC_SYMBOLS_PRIVATE_EXTERN = NO;
				GCC_WARN_64_TO_32_BIT_CONVERSION = YES;
				GCC_WARN_ABOUT_RETURN_TYPE = YES_ERROR;
				GCC_WARN_UNDECLARED_SELECTOR = YES;
				GCC_WARN_UNINITIALIZED_AUTOS = YES_AGGRESSIVE;
				GCC_WARN_UNUSED_FUNCTION = YES;
				GCC_WARN_UNUSED_VARIABLE = YES;
				IPHONEOS_DEPLOYMENT_TARGET = 8.4;
				MTL_ENABLE_DEBUG_INFO = YES;
				ONLY_ACTIVE_ARCH = YES;
				SDKROOT = iphoneos;
				SWIFT_OPTIMIZATION_LEVEL = "-Onone";
				TARGETED_DEVICE_FAMILY = "1,2";
			};
			name = Debug;
		};
		E59CA4AB1B5453B2002DF6BD /* Release */ = {
			isa = XCBuildConfiguration;
			buildSettings = {
				ALWAYS_SEARCH_USER_PATHS = NO;
				CLANG_CXX_LANGUAGE_STANDARD = "gnu++0x";
				CLANG_CXX_LIBRARY = "libc++";
				CLANG_ENABLE_MODULES = YES;
				CLANG_ENABLE_OBJC_ARC = YES;
				CLANG_WARN_BOOL_CONVERSION = YES;
				CLANG_WARN_CONSTANT_CONVERSION = YES;
				CLANG_WARN_DIRECT_OBJC_ISA_USAGE = YES_ERROR;
				CLANG_WARN_EMPTY_BODY = YES;
				CLANG_WARN_ENUM_CONVERSION = YES;
				CLANG_WARN_INT_CONVERSION = YES;
				CLANG_WARN_OBJC_ROOT_CLASS = YES_ERROR;
				CLANG_WARN_UNREACHABLE_CODE = YES;
				CLANG_WARN__DUPLICATE_METHOD_MATCH = YES;
				"CODE_SIGN_IDENTITY[sdk=iphoneos*]" = "iPhone Developer";
				COPY_PHASE_STRIP = NO;
				DEBUG_INFORMATION_FORMAT = "dwarf-with-dsym";
				ENABLE_NS_ASSERTIONS = NO;
				ENABLE_STRICT_OBJC_MSGSEND = YES;
				GCC_C_LANGUAGE_STANDARD = gnu99;
				GCC_NO_COMMON_BLOCKS = YES;
				GCC_WARN_64_TO_32_BIT_CONVERSION = YES;
				GCC_WARN_ABOUT_RETURN_TYPE = YES_ERROR;
				GCC_WARN_UNDECLARED_SELECTOR = YES;
				GCC_WARN_UNINITIALIZED_AUTOS = YES_AGGRESSIVE;
				GCC_WARN_UNUSED_FUNCTION = YES;
				GCC_WARN_UNUSED_VARIABLE = YES;
				IPHONEOS_DEPLOYMENT_TARGET = 8.4;
				MTL_ENABLE_DEBUG_INFO = NO;
				SDKROOT = iphoneos;
				TARGETED_DEVICE_FAMILY = "1,2";
				VALIDATE_PRODUCT = YES;
			};
			name = Release;
		};
		E59CA4AD1B5453B2002DF6BD /* Debug */ = {
			isa = XCBuildConfiguration;
			buildSettings = {
				ASSETCATALOG_COMPILER_APPICON_NAME = AppIcon;
				INFOPLIST_FILE = "Private Concert/Info.plist";
				LD_RUNPATH_SEARCH_PATHS = "$(inherited) @executable_path/Frameworks";
				PRODUCT_NAME = "$(TARGET_NAME)";
			};
			name = Debug;
		};
		E59CA4AE1B5453B2002DF6BD /* Release */ = {
			isa = XCBuildConfiguration;
			buildSettings = {
				ASSETCATALOG_COMPILER_APPICON_NAME = AppIcon;
				INFOPLIST_FILE = "Private Concert/Info.plist";
				LD_RUNPATH_SEARCH_PATHS = "$(inherited) @executable_path/Frameworks";
				PRODUCT_NAME = "$(TARGET_NAME)";
			};
			name = Release;
		};
		E59CA4B01B5453B2002DF6BD /* Debug */ = {
			isa = XCBuildConfiguration;
			buildSettings = {
				BUNDLE_LOADER = "$(TEST_HOST)";
				FRAMEWORK_SEARCH_PATHS = (
					"$(SDKROOT)/Developer/Library/Frameworks",
					"$(inherited)",
				);
				GCC_PREPROCESSOR_DEFINITIONS = (
					"DEBUG=1",
					"$(inherited)",
				);
				INFOPLIST_FILE = "Private ConcertTests/Info.plist";
				LD_RUNPATH_SEARCH_PATHS = "$(inherited) @executable_path/Frameworks @loader_path/Frameworks";
				PRODUCT_NAME = "$(TARGET_NAME)";
				TEST_HOST = "$(BUILT_PRODUCTS_DIR)/Private Concert.app/Private Concert";
			};
			name = Debug;
		};
		E59CA4B11B5453B2002DF6BD /* Release */ = {
			isa = XCBuildConfiguration;
			buildSettings = {
				BUNDLE_LOADER = "$(TEST_HOST)";
				FRAMEWORK_SEARCH_PATHS = (
					"$(SDKROOT)/Developer/Library/Frameworks",
					"$(inherited)",
				);
				INFOPLIST_FILE = "Private ConcertTests/Info.plist";
				LD_RUNPATH_SEARCH_PATHS = "$(inherited) @executable_path/Frameworks @loader_path/Frameworks";
				PRODUCT_NAME = "$(TARGET_NAME)";
				TEST_HOST = "$(BUILT_PRODUCTS_DIR)/Private Concert.app/Private Concert";
			};
			name = Release;
		};
/* End XCBuildConfiguration section */

/* Begin XCConfigurationList section */
		E59CA4881B5453B2002DF6BD /* Build configuration list for PBXProject "Private Concert" */ = {
			isa = XCConfigurationList;
			buildConfigurations = (
				E59CA4AA1B5453B2002DF6BD /* Debug */,
				E59CA4AB1B5453B2002DF6BD /* Release */,
			);
			defaultConfigurationIsVisible = 0;
			defaultConfigurationName = Release;
		};
		E59CA4AC1B5453B2002DF6BD /* Build configuration list for PBXNativeTarget "Private Concert" */ = {
			isa = XCConfigurationList;
			buildConfigurations = (
				E59CA4AD1B5453B2002DF6BD /* Debug */,
				E59CA4AE1B5453B2002DF6BD /* Release */,
			);
			defaultConfigurationIsVisible = 0;
			defaultConfigurationName = Release;
		};
		E59CA4AF1B5453B2002DF6BD /* Build configuration list for PBXNativeTarget "Private ConcertTests" */ = {
			isa = XCConfigurationList;
			buildConfigurations = (
				E59CA4B01B5453B2002DF6BD /* Debug */,
				E59CA4B11B5453B2002DF6BD /* Release */,
			);
			defaultConfigurationIsVisible = 0;
			defaultConfigurationName = Release;
		};
/* End XCConfigurationList section */
	};
	rootObject = E59CA4851B5453B2002DF6BD /* Project object */;
}
